
Microsoft Visual Studio Solution File, Format Version 12.00
# Visual Studio 2013
VisualStudioVersion = 12.0.31101.0
MinimumVisualStudioVersion = 10.0.40219.1
Project("{FAE04EC0-301F-11D3-BF4B-00C04F79EFBC}") = "algorithmConsole", "algorithmConsole\algorithmConsole.csproj", "{A2AF360D-F38B-41A1-B8FD-CB4D596BB359}"
EndProject
Project("{FAE04EC0-301F-11D3-BF4B-00C04F79EFBC}") = "ParalleDemo", "ParalleDemo\ParalleDemo.csproj", "{C7BBC89F-65E5-467F-807A-AA28B9A7C6AD}"
EndProject
Project("{FAE04EC0-301F-11D3-BF4B-00C04F79EFBC}") = "ObjectPoolConsole", "ObjectPoolConsole\ObjectPoolConsole.csproj", "{B8B7FEDA-76E1-4001-B1A7-7284147D2B35}"
EndProject
Project("{FAE04EC0-301F-11D3-BF4B-00C04F79EFBC}") = "TaskDemo", "TaskDemo\TaskDemo.csproj", "{00785DEE-B777-4895-A7A5-3A86D8FACC49}"
EndProject
Project("{FAE04EC0-301F-11D3-BF4B-00C04F79EFBC}") = "SpinLockDemo", "SpinLockDemo\SpinLockDemo.csproj", "{F39A4A08-3ED5-4578-8152-0F8E53E5FE18}"
EndProject
Project("{FAE04EC0-301F-11D3-BF4B-00C04F79EFBC}") = "HttpTaskClient", "HttpTaskClient\HttpTaskClient.csproj", "{F3AA1496-202D-4CBB-BDB8-456EBF835363}"
EndProject
Project("{FAE04EC0-301F-11D3-BF4B-00C04F79EFBC}") = "AwaiterDemo", "AwaiterDemo\AwaiterDemo.csproj", "{D350957D-270D-4760-B1F1-A8F05E63A03C}"
EndProject
Project("{FAE04EC0-301F-11D3-BF4B-00C04F79EFBC}") = "TaskUtilityDemo", "TaskUtilityDemo\TaskUtilityDemo.csproj", "{F152508D-3C83-482B-A71B-3CAADC399120}"
EndProject
Project("{FAE04EC0-301F-11D3-BF4B-00C04F79EFBC}") = "ParallelDemo2", "ParallelDemo2\ParallelDemo2.csproj", "{A5F42EA6-EA53-4EDE-9C7A-78D993A822E6}"
EndProject
Project("{2150E333-8FDC-42A3-9474-1A3956D46DE8}") = "Solution Items", "Solution Items", "{640F81F4-E881-4449-BAC8-E741DD3CD149}"
	ProjectSection(SolutionItems) = preProject
		Performance1.psess = Performance1.psess
	EndProjectSection
EndProject
Project("{FAE04EC0-301F-11D3-BF4B-00C04F79EFBC}") = "DataFlowDemo", "DataFlowDemo\DataFlowDemo.csproj", "{D3CB01FE-07CB-4DC3-8ECD-0EC1451099B8}"
EndProject
Global
	GlobalSection(SolutionConfigurationPlatforms) = preSolution
		Debug|Any CPU = Debug|Any CPU
		Release|Any CPU = Release|Any CPU
	EndGlobalSection
	GlobalSection(ProjectConfigurationPlatforms) = postSolution
		{A2AF360D-F38B-41A1-B8FD-CB4D596BB359}.Debug|Any CPU.ActiveCfg = Debug|Any CPU
		{A2AF360D-F38B-41A1-B8FD-CB4D596BB359}.Debug|Any CPU.Build.0 = Debug|Any CPU
		{A2AF360D-F38B-41A1-B8FD-CB4D596BB359}.Release|Any CPU.ActiveCfg = Release|Any CPU
		{A2AF360D-F38B-41A1-B8FD-CB4D596BB359}.Release|Any CPU.Build.0 = Release|Any CPU
		{C7BBC89F-65E5-467F-807A-AA28B9A7C6AD}.Debug|Any CPU.ActiveCfg = Debug|Any CPU
		{C7BBC89F-65E5-467F-807A-AA28B9A7C6AD}.Debug|Any CPU.Build.0 = Debug|Any CPU
		{C7BBC89F-65E5-467F-807A-AA28B9A7C6AD}.Release|Any CPU.ActiveCfg = Release|Any CPU
		{C7BBC89F-65E5-467F-807A-AA28B9A7C6AD}.Release|Any CPU.Build.0 = Release|Any CPU
		{B8B7FEDA-76E1-4001-B1A7-7284147D2B35}.Debug|Any CPU.ActiveCfg = Debug|Any CPU
		{B8B7FEDA-76E1-4001-B1A7-7284147D2B35}.Debug|Any CPU.Build.0 = Debug|Any CPU
		{B8B7FEDA-76E1-4001-B1A7-7284147D2B35}.Release|Any CPU.ActiveCfg = Release|Any CPU
		{B8B7FEDA-76E1-4001-B1A7-7284147D2B35}.Release|Any CPU.Build.0 = Release|Any CPU
		{00785DEE-B777-4895-A7A5-3A86D8FACC49}.Debug|Any CPU.ActiveCfg = Debug|Any CPU
		{00785DEE-B777-4895-A7A5-3A86D8FACC49}.Debug|Any CPU.Build.0 = Debug|Any CPU
		{00785DEE-B777-4895-A7A5-3A86D8FACC49}.Release|Any CPU.ActiveCfg = Release|Any CPU
		{00785DEE-B777-4895-A7A5-3A86D8FACC49}.Release|Any CPU.Build.0 = Release|Any CPU
		{F39A4A08-3ED5-4578-8152-0F8E53E5FE18}.Debug|Any CPU.ActiveCfg = Debug|Any CPU
		{F39A4A08-3ED5-4578-8152-0F8E53E5FE18}.Debug|Any CPU.Build.0 = Debug|Any CPU
		{F39A4A08-3ED5-4578-8152-0F8E53E5FE18}.Release|Any CPU.ActiveCfg = Release|Any CPU
		{F39A4A08-3ED5-4578-8152-0F8E53E5FE18}.Release|Any CPU.Build.0 = Release|Any CPU
		{F3AA1496-202D-4CBB-BDB8-456EBF835363}.Debug|Any CPU.ActiveCfg = Debug|Any CPU
		{F3AA1496-202D-4CBB-BDB8-456EBF835363}.Debug|Any CPU.Build.0 = Debug|Any CPU
		{F3AA1496-202D-4CBB-BDB8-456EBF835363}.Release|Any CPU.ActiveCfg = Release|Any CPU
		{F3AA1496-202D-4CBB-BDB8-456EBF835363}.Release|Any CPU.Build.0 = Release|Any CPU
		{D350957D-270D-4760-B1F1-A8F05E63A03C}.Debug|Any CPU.ActiveCfg = Debug|Any CPU
		{D350957D-270D-4760-B1F1-A8F05E63A03C}.Debug|Any CPU.Build.0 = Debug|Any CPU
		{D350957D-270D-4760-B1F1-A8F05E63A03C}.Release|Any CPU.ActiveCfg = Release|Any CPU
		{D350957D-270D-4760-B1F1-A8F05E63A03C}.Release|Any CPU.Build.0 = Release|Any CPU
		{F152508D-3C83-482B-A71B-3CAADC399120}.Debug|Any CPU.ActiveCfg = Debug|Any CPU
		{F152508D-3C83-482B-A71B-3CAADC399120}.Debug|Any CPU.Build.0 = Debug|Any CPU
		{F152508D-3C83-482B-A71B-3CAADC399120}.Release|Any CPU.ActiveCfg = Release|Any CPU
		{F152508D-3C83-482B-A71B-3CAADC399120}.Release|Any CPU.Build.0 = Release|Any CPU
		{A5F42EA6-EA53-4EDE-9C7A-78D993A822E6}.Debug|Any CPU.ActiveCfg = Debug|Any CPU
		{A5F42EA6-EA53-4EDE-9C7A-78D993A822E6}.Debug|Any CPU.Build.0 = Debug|Any CPU
		{A5F42EA6-EA53-4EDE-9C7A-78D993A822E6}.Release|Any CPU.ActiveCfg = Release|Any CPU
		{A5F42EA6-EA53-4EDE-9C7A-78D993A822E6}.Release|Any CPU.Build.0 = Release|Any CPU
		{D3CB01FE-07CB-4DC3-8ECD-0EC1451099B8}.Debug|Any CPU.ActiveCfg = Debug|Any CPU
		{D3CB01FE-07CB-4DC3-8ECD-0EC1451099B8}.Debug|Any CPU.Build.0 = Debug|Any CPU
		{D3CB01FE-07CB-4DC3-8ECD-0EC1451099B8}.Release|Any CPU.ActiveCfg = Release|Any CPU
		{D3CB01FE-07CB-4DC3-8ECD-0EC1451099B8}.Release|Any CPU.Build.0 = Release|Any CPU
	EndGlobalSection
	GlobalSection(SolutionProperties) = preSolution
		HideSolutionNode = FALSE
	EndGlobalSection
	GlobalSection(Performance) = preSolution
		HasPerformanceSessions = true
	EndGlobalSection
EndGlobal
